
Microsoft Visual Studio Solution File, Format Version 12.00
# Visual Studio Version 17
VisualStudioVersion = 17.5.33627.172
MinimumVisualStudioVersion = 10.0.40219.1
Project("{2150E333-8FDC-42A3-9474-1A3956D46DE8}") = "Solution Items", "Solution Items", "{55673B56-BAB7-4189-A017-8ADBBF654E76}"
	ProjectSection(SolutionItems) = preProject
		.gitignore = .gitignore
		1m7jj-1683831916-150516.png = 1m7jj-1683831916-150516.png
		LICENSE = LICENSE
		README.md = README.md
	EndProjectSection
EndProject
Project("{FAE04EC0-301F-11D3-BF4B-00C04F79EFBC}") = "CommunityFA.Controls", "src\CommunityFA.Controls\CommunityFA.Controls.csproj", "{C6AD79DC-99A1-438D-A008-96A63777099F}"
EndProject
Project("{FAE04EC0-301F-11D3-BF4B-00C04F79EFBC}") = "CommunityFA.Controls.SampleViewer", "src\CommunityFA.Controls.SampleViewer\CommunityFA.Controls.SampleViewer.csproj", "{50B18968-4758-4C0D-A85B-0A6FBE51B52D}"
EndProject
Global
	GlobalSection(SolutionConfigurationPlatforms) = preSolution
		Debug|Any CPU = Debug|Any CPU
		Release|Any CPU = Release|Any CPU
	EndGlobalSection
	GlobalSection(ProjectConfigurationPlatforms) = postSolution
		{C6AD79DC-99A1-438D-A008-96A63777099F}.Debug|Any CPU.ActiveCfg = Debug|Any CPU
		{C6AD79DC-99A1-438D-A008-96A63777099F}.Debug|Any CPU.Build.0 = Debug|Any CPU
		{C6AD79DC-99A1-438D-A008-96A63777099F}.Release|Any CPU.ActiveCfg = Release|Any CPU
		{C6AD79DC-99A1-438D-A008-96A63777099F}.Release|Any CPU.Build.0 = Release|Any CPU
		{50B18968-4758-4C0D-A85B-0A6FBE51B52D}.Debug|Any CPU.ActiveCfg = Debug|Any CPU
		{50B18968-4758-4C0D-A85B-0A6FBE51B52D}.Debug|Any CPU.Build.0 = Debug|Any CPU
		{50B18968-4758-4C0D-A85B-0A6FBE51B52D}.Debug|Any CPU.Deploy.0 = Debug|Any CPU
		{50B18968-4758-4C0D-A85B-0A6FBE51B52D}.Release|Any CPU.ActiveCfg = Release|Any CPU
		{50B18968-4758-4C0D-A85B-0A6FBE51B52D}.Release|Any CPU.Build.0 = Release|Any CPU
		{50B18968-4758-4C0D-A85B-0A6FBE51B52D}.Release|Any CPU.Deploy.0 = Release|Any CPU
	EndGlobalSection
	GlobalSection(SolutionProperties) = preSolution
		HideSolutionNode = FALSE
	EndGlobalSection
	GlobalSection(ExtensibilityGlobals) = postSolution
		SolutionGuid = {3E16246A-BA81-40C6-ACB2-3D14C3C64AEA}
	EndGlobalSection
EndGlobal
